
Microsoft Visual Studio Solution File, Format Version 12.00
# Visual Studio Version 17
VisualStudioVersion = 17.12.35209.166
MinimumVisualStudioVersion = 10.0.40219.1
Project("{FAE04EC0-301F-11D3-BF4B-00C04F79EFBC}") = "Marimer.Blazor.RenderMode", "Marimer.Blazor.RenderMode\Marimer.Blazor.RenderMode.csproj", "{D5B205FB-A8CE-49A2-9AED-1A0300AE81A1}"
EndProject
Project("{2150E333-8FDC-42A3-9474-1A3956D46DE8}") = "Solution Items", "Solution Items", "{2A7372E0-B9B2-457A-B50C-687FF9D0BD00}"
	ProjectSection(SolutionItems) = preProject
		global.json = global.json
		readme.md = readme.md
	EndProjectSection
EndProject
Global
	GlobalSection(SolutionConfigurationPlatforms) = preSolution
		Debug|Any CPU = Debug|Any CPU
		Release|Any CPU = Release|Any CPU
	EndGlobalSection
	GlobalSection(ProjectConfigurationPlatforms) = postSolution
		{D5B205FB-A8CE-49A2-9AED-1A0300AE81A1}.Debug|Any CPU.ActiveCfg = Debug|Any CPU
		{D5B205FB-A8CE-49A2-9AED-1A0300AE81A1}.Debug|Any CPU.Build.0 = Debug|Any CPU
		{D5B205FB-A8CE-49A2-9AED-1A0300AE81A1}.Release|Any CPU.ActiveCfg = Release|Any CPU
		{D5B205FB-A8CE-49A2-9AED-1A0300AE81A1}.Release|Any CPU.Build.0 = Release|Any CPU
	EndGlobalSection
	GlobalSection(SolutionProperties) = preSolution
		HideSolutionNode = FALSE
	EndGlobalSection
	GlobalSection(ExtensibilityGlobals) = postSolution
		SolutionGuid = {B2DEA86C-BE8B-4777-96F0-F85D3C2B3636}
	EndGlobalSection
EndGlobal
